
Microsoft Visual Studio Solution File, Format Version 12.00
# Visual Studio 15
VisualStudioVersion = 15.0.27130.2024
MinimumVisualStudioVersion = 10.0.40219.1
Project("{9A19103F-16F7-4668-BE54-9A1E7A4F7556}") = "PlainCore", "PlainCore\PlainCore.csproj", "{FB9D5589-34FE-4087-A2BD-D5BA5F1451AB}"
EndProject
Project("{9A19103F-16F7-4668-BE54-9A1E7A4F7556}") = "PlainCoreTestapp", "PlainCoreTestapp\PlainCoreTestapp.csproj", "{F0371748-E8E9-4025-B8DB-7B0A180E3C6F}"
EndProject
Project("{FAE04EC0-301F-11D3-BF4B-00C04F79EFBC}") = "PlainCore.Shaders", "PlainCore.Shaders\PlainCore.Shaders.csproj", "{C5EE35AA-D1B9-4D28-829C-31B0F0BF8F2C}"
EndProject
Global
	GlobalSection(SolutionConfigurationPlatforms) = preSolution
		Debug|Any CPU = Debug|Any CPU
		Release|Any CPU = Release|Any CPU
	EndGlobalSection
	GlobalSection(ProjectConfigurationPlatforms) = postSolution
		{FB9D5589-34FE-4087-A2BD-D5BA5F1451AB}.Debug|Any CPU.ActiveCfg = Debug|Any CPU
		{FB9D5589-34FE-4087-A2BD-D5BA5F1451AB}.Debug|Any CPU.Build.0 = Debug|Any CPU
		{FB9D5589-34FE-4087-A2BD-D5BA5F1451AB}.Release|Any CPU.ActiveCfg = Release|Any CPU
		{FB9D5589-34FE-4087-A2BD-D5BA5F1451AB}.Release|Any CPU.Build.0 = Release|Any CPU
		{F0371748-E8E9-4025-B8DB-7B0A180E3C6F}.Debug|Any CPU.ActiveCfg = Debug|Any CPU
		{F0371748-E8E9-4025-B8DB-7B0A180E3C6F}.Debug|Any CPU.Build.0 = Debug|Any CPU
		{F0371748-E8E9-4025-B8DB-7B0A180E3C6F}.Release|Any CPU.ActiveCfg = Release|Any CPU
		{F0371748-E8E9-4025-B8DB-7B0A180E3C6F}.Release|Any CPU.Build.0 = Release|Any CPU
		{C5EE35AA-D1B9-4D28-829C-31B0F0BF8F2C}.Debug|Any CPU.ActiveCfg = Debug|Any CPU
		{C5EE35AA-D1B9-4D28-829C-31B0F0BF8F2C}.Debug|Any CPU.Build.0 = Debug|Any CPU
		{C5EE35AA-D1B9-4D28-829C-31B0F0BF8F2C}.Release|Any CPU.ActiveCfg = Release|Any CPU
		{C5EE35AA-D1B9-4D28-829C-31B0F0BF8F2C}.Release|Any CPU.Build.0 = Release|Any CPU
	EndGlobalSection
	GlobalSection(SolutionProperties) = preSolution
		HideSolutionNode = FALSE
	EndGlobalSection
	GlobalSection(ExtensibilityGlobals) = postSolution
		SolutionGuid = {856ACA54-750D-4642-92E5-8C7DE60AA693}
	EndGlobalSection
	GlobalSection(Performance) = preSolution
		HasPerformanceSessions = true
	EndGlobalSection
EndGlobal
